
Microsoft Visual Studio Solution File, Format Version 12.00
# Visual Studio Version 16
VisualStudioVersion = 16.0.32413.511
MinimumVisualStudioVersion = 10.0.40219.1
Project("{FAE04EC0-301F-11D3-BF4B-00C04F79EFBC}") = "TICTACTOE_projekti", "TICTACTOE_projekti.csproj", "{DCDF9F17-3772-4389-9242-7B790A3C36FA}"
EndProject
Global
	GlobalSection(SolutionConfigurationPlatforms) = preSolution
		Debug|Any CPU = Debug|Any CPU
		Release|Any CPU = Release|Any CPU
	EndGlobalSection
	GlobalSection(ProjectConfigurationPlatforms) = postSolution
		{DCDF9F17-3772-4389-9242-7B790A3C36FA}.Debug|Any CPU.ActiveCfg = Debug|Any CPU
		{DCDF9F17-3772-4389-9242-7B790A3C36FA}.Debug|Any CPU.Build.0 = Debug|Any CPU
		{DCDF9F17-3772-4389-9242-7B790A3C36FA}.Release|Any CPU.ActiveCfg = Release|Any CPU
		{DCDF9F17-3772-4389-9242-7B790A3C36FA}.Release|Any CPU.Build.0 = Release|Any CPU
	EndGlobalSection
	GlobalSection(SolutionProperties) = preSolution
		HideSolutionNode = FALSE
	EndGlobalSection
	GlobalSection(ExtensibilityGlobals) = postSolution
		SolutionGuid = {562CFEEC-3A4C-45E1-A5F5-73DF5340765B}
	EndGlobalSection
EndGlobal
